// !$*UTF8*$!
{
	archiveVersion = 1;
	classes = {
	};
	objectVersion = 56;
	objects = {

/* Begin PBXBuildFile section */
		1A8AC9882C55FD590019E026 /* Live_Coding_ExamApp.swift in Sources */ = {isa = PBXBuildFile; fileRef = 1A8AC9872C55FD590019E026 /* Live_Coding_ExamApp.swift */; };
		1A8AC98A2C55FD590019E026 /* ContentView.swift in Sources */ = {isa = PBXBuildFile; fileRef = 1A8AC9892C55FD590019E026 /* ContentView.swift */; };
		1A8AC98C2C55FD5B0019E026 /* Assets.xcassets in Resources */ = {isa = PBXBuildFile; fileRef = 1A8AC98B2C55FD5B0019E026 /* Assets.xcassets */; };
		1A8AC98F2C55FD5B0019E026 /* Preview Assets.xcassets in Resources */ = {isa = PBXBuildFile; fileRef = 1A8AC98E2C55FD5B0019E026 /* Preview Assets.xcassets */; };
		1A8AC9992C55FD5B0019E026 /* Live_Coding_ExamTests.swift in Sources */ = {isa = PBXBuildFile; fileRef = 1A8AC9982C55FD5B0019E026 /* Live_Coding_ExamTests.swift */; };
		1A8AC9A32C55FD5B0019E026 /* Live_Coding_ExamUITests.swift in Sources */ = {isa = PBXBuildFile; fileRef = 1A8AC9A22C55FD5B0019E026 /* Live_Coding_ExamUITests.swift */; };
		1A8AC9A52C55FD5B0019E026 /* Live_Coding_ExamUITestsLaunchTests.swift in Sources */ = {isa = PBXBuildFile; fileRef = 1A8AC9A42C55FD5B0019E026 /* Live_Coding_ExamUITestsLaunchTests.swift */; };
		1A8AC9B22C55FD820019E026 /* GenderExtractor.swift in Sources */ = {isa = PBXBuildFile; fileRef = 1A8AC9B12C55FD820019E026 /* GenderExtractor.swift */; };
/* End PBXBuildFile section */

/* Begin PBXContainerItemProxy section */
		1A8AC9952C55FD5B0019E026 /* PBXContainerItemProxy */ = {
			isa = PBXContainerItemProxy;
			containerPortal = 1A8AC97C2C55FD590019E026 /* Project object */;
			proxyType = 1;
			remoteGlobalIDString = 1A8AC9832C55FD590019E026;
			remoteInfo = Live_Coding_Exam;
		};
		1A8AC99F2C55FD5B0019E026 /* PBXContainerItemProxy */ = {
			isa = PBXContainerItemProxy;
			containerPortal = 1A8AC97C2C55FD590019E026 /* Project object */;
			proxyType = 1;
			remoteGlobalIDString = 1A8AC9832C55FD590019E026;
			remoteInfo = Live_Coding_Exam;
		};
/* End PBXContainerItemProxy section */

/* Begin PBXFileReference section */
		1A8AC9842C55FD590019E026 /* Live_Coding_Exam.app */ = {isa = PBXFileReference; explicitFileType = wrapper.application; includeInIndex = 0; path = Live_Coding_Exam.app; sourceTree = BUILT_PRODUCTS_DIR; };
		1A8AC9872C55FD590019E026 /* Live_Coding_ExamApp.swift */ = {isa = PBXFileReference; lastKnownFileType = sourcecode.swift; path = Live_Coding_ExamApp.swift; sourceTree = "<group>"; };
		1A8AC9892C55FD590019E026 /* ContentView.swift */ = {isa = PBXFileReference; lastKnownFileType = sourcecode.swift; path = ContentView.swift; sourceTree = "<group>"; };
		1A8AC98B2C55FD5B0019E026 /* Assets.xcassets */ = {isa = PBXFileReference; lastKnownFileType = folder.assetcatalog; path = Assets.xcassets; sourceTree = "<group>"; };
		1A8AC98E2C55FD5B0019E026 /* Preview Assets.xcassets */ = {isa = PBXFileReference; lastKnownFileType = folder.assetcatalog; path = "Preview Assets.xcassets"; sourceTree = "<group>"; };
		1A8AC9942C55FD5B0019E026 /* Live_Coding_ExamTests.xctest */ = {isa = PBXFileReference; explicitFileType = wrapper.cfbundle; includeInIndex = 0; path = Live_Coding_ExamTests.xctest; sourceTree = BUILT_PRODUCTS_DIR; };
		1A8AC9982C55FD5B0019E026 /* Live_Coding_ExamTests.swift */ = {isa = PBXFileReference; lastKnownFileType = sourcecode.swift; path = Live_Coding_ExamTests.swift; sourceTree = "<group>"; };
		1A8AC99E2C55FD5B0019E026 /* Live_Coding_ExamUITests.xctest */ = {isa = PBXFileReference; explicitFileType = wrapper.cfbundle; includeInIndex = 0; path = Live_Coding_ExamUITests.xctest; sourceTree = BUILT_PRODUCTS_DIR; };
		1A8AC9A22C55FD5B0019E026 /* Live_Coding_ExamUITests.swift */ = {isa = PBXFileReference; lastKnownFileType = sourcecode.swift; path = Live_Coding_ExamUITests.swift; sourceTree = "<group>"; };
		1A8AC9A42C55FD5B0019E026 /* Live_Coding_ExamUITestsLaunchTests.swift */ = {isa = PBXFileReference; lastKnownFileType = sourcecode.swift; path = Live_Coding_ExamUITestsLaunchTests.swift; sourceTree = "<group>"; };
		1A8AC9B12C55FD820019E026 /* GenderExtractor.swift */ = {isa = PBXFileReference; lastKnownFileType = sourcecode.swift; path = GenderExtractor.swift; sourceTree = "<group>"; };
/* End PBXFileReference section */

/* Begin PBXFrameworksBuildPhase section */
		1A8AC9812C55FD590019E026 /* Frameworks */ = {
			isa = PBXFrameworksBuildPhase;
			buildActionMask = 2147483647;
			files = (
			);
			runOnlyForDeploymentPostprocessing = 0;
		};
		1A8AC9912C55FD5B0019E026 /* Frameworks */ = {
			isa = PBXFrameworksBuildPhase;
			buildActionMask = 2147483647;
			files = (
			);
			runOnlyForDeploymentPostprocessing = 0;
		};
		1A8AC99B2C55FD5B0019E026 /* Frameworks */ = {
			isa = PBXFrameworksBuildPhase;
			buildActionMask = 2147483647;
			files = (
			);
			runOnlyForDeploymentPostprocessing = 0;
		};
/* End PBXFrameworksBuildPhase section */

/* Begin PBXGroup section */
		1A8AC97B2C55FD590019E026 = {
			isa = PBXGroup;
			children = (
				1A8AC9862C55FD590019E026 /* Live_Coding_Exam */,
				1A8AC9972C55FD5B0019E026 /* Live_Coding_ExamTests */,
				1A8AC9A12C55FD5B0019E026 /* Live_Coding_ExamUITests */,
				1A8AC9852C55FD590019E026 /* Products */,
			);
			sourceTree = "<group>";
		};
		1A8AC9852C55FD590019E026 /* Products */ = {
			isa = PBXGroup;
			children = (
				1A8AC9842C55FD590019E026 /* Live_Coding_Exam.app */,
				1A8AC9942C55FD5B0019E026 /* Live_Coding_ExamTests.xctest */,
				1A8AC99E2C55FD5B0019E026 /* Live_Coding_ExamUITests.xctest */,
			);
			name = Products;
			sourceTree = "<group>";
		};
		1A8AC9862C55FD590019E026 /* Live_Coding_Exam */ = {
			isa = PBXGroup;
			children = (
				1A8AC9872C55FD590019E026 /* Live_Coding_ExamApp.swift */,
				1A8AC9892C55FD590019E026 /* ContentView.swift */,
				1A8AC98B2C55FD5B0019E026 /* Assets.xcassets */,
				1A8AC98D2C55FD5B0019E026 /* Preview Content */,
				1A8AC9B12C55FD820019E026 /* GenderExtractor.swift */,
			);
			path = Live_Coding_Exam;
			sourceTree = "<group>";
		};
		1A8AC98D2C55FD5B0019E026 /* Preview Content */ = {
			isa = PBXGroup;
			children = (
				1A8AC98E2C55FD5B0019E026 /* Preview Assets.xcassets */,
			);
			path = "Preview Content";
			sourceTree = "<group>";
		};
		1A8AC9972C55FD5B0019E026 /* Live_Coding_ExamTests */ = {
			isa = PBXGroup;
			children = (
				1A8AC9982C55FD5B0019E026 /* Live_Coding_ExamTests.swift */,
			);
			path = Live_Coding_ExamTests;
			sourceTree = "<group>";
		};
		1A8AC9A12C55FD5B0019E026 /* Live_Coding_ExamUITests */ = {
			isa = PBXGroup;
			children = (
				1A8AC9A22C55FD5B0019E026 /* Live_Coding_ExamUITests.swift */,
				1A8AC9A42C55FD5B0019E026 /* Live_Coding_ExamUITestsLaunchTests.swift */,
			);
			path = Live_Coding_ExamUITests;
			sourceTree = "<group>";
		};
/* End PBXGroup section */

/* Begin PBXNativeTarget section */
		1A8AC9832C55FD590019E026 /* Live_Coding_Exam */ = {
			isa = PBXNativeTarget;
			buildConfigurationList = 1A8AC9A82C55FD5B0019E026 /* Build configuration list for PBXNativeTarget "Live_Coding_Exam" */;
			buildPhases = (
				1A8AC9802C55FD590019E026 /* Sources */,
				1A8AC9812C55FD590019E026 /* Frameworks */,
				1A8AC9822C55FD590019E026 /* Resources */,
			);
			buildRules = (
			);
			dependencies = (
			);
			name = Live_Coding_Exam;
			productName = Live_Coding_Exam;
			productReference = 1A8AC9842C55FD590019E026 /* Live_Coding_Exam.app */;
			productType = "com.apple.product-type.application";
		};
		1A8AC9932C55FD5B0019E026 /* Live_Coding_ExamTests */ = {
			isa = PBXNativeTarget;
			buildConfigurationList = 1A8AC9AB2C55FD5B0019E026 /* Build configuration list for PBXNativeTarget "Live_Coding_ExamTests" */;
			buildPhases = (
				1A8AC9902C55FD5B0019E026 /* Sources */,
				1A8AC9912C55FD5B0019E026 /* Frameworks */,
				1A8AC9922C55FD5B0019E026 /* Resources */,
			);
			buildRules = (
			);
			dependencies = (
				1A8AC9962C55FD5B0019E026 /* PBXTargetDependency */,
			);
			name = Live_Coding_ExamTests;
			productName = Live_Coding_ExamTests;
			productReference = 1A8AC9942C55FD5B0019E026 /* Live_Coding_ExamTests.xctest */;
			productType = "com.apple.product-type.bundle.unit-test";
		};
		1A8AC99D2C55FD5B0019E026 /* Live_Coding_ExamUITests */ = {
			isa = PBXNativeTarget;
			buildConfigurationList = 1A8AC9AE2C55FD5B0019E026 /* Build configuration list for PBXNativeTarget "Live_Coding_ExamUITests" */;
			buildPhases = (
				1A8AC99A2C55FD5B0019E026 /* Sources */,
				1A8AC99B2C55FD5B0019E026 /* Frameworks */,
				1A8AC99C2C55FD5B0019E026 /* Resources */,
			);
			buildRules = (
			);
			dependencies = (
				1A8AC9A02C55FD5B0019E026 /* PBXTargetDependency */,
			);
			name = Live_Coding_ExamUITests;
			productName = Live_Coding_ExamUITests;
			productReference = 1A8AC99E2C55FD5B0019E026 /* Live_Coding_ExamUITests.xctest */;
			productType = "com.apple.product-type.bundle.ui-testing";
		};
/* End PBXNativeTarget section */

/* Begin PBXProject section */
		1A8AC97C2C55FD590019E026 /* Project object */ = {
			isa = PBXProject;
			attributes = {
				BuildIndependentTargetsInParallel = 1;
				LastSwiftUpdateCheck = 1540;
				LastUpgradeCheck = 1540;
				TargetAttributes = {
					1A8AC9832C55FD590019E026 = {
						CreatedOnToolsVersion = 15.4;
					};
					1A8AC9932C55FD5B0019E026 = {
						CreatedOnToolsVersion = 15.4;
						TestTargetID = 1A8AC9832C55FD590019E026;
					};
					1A8AC99D2C55FD5B0019E026 = {
						CreatedOnToolsVersion = 15.4;
						TestTargetID = 1A8AC9832C55FD590019E026;
					};
				};
			};
			buildConfigurationList = 1A8AC97F2C55FD590019E026 /* Build configuration list for PBXProject "Live_Coding_Exam" */;
			compatibilityVersion = "Xcode 14.0";
			developmentRegion = en;
			hasScannedForEncodings = 0;
			knownRegions = (
				en,
				Base,
			);
			mainGroup = 1A8AC97B2C55FD590019E026;
			productRefGroup = 1A8AC9852C55FD590019E026 /* Products */;
			projectDirPath = "";
			projectRoot = "";
			targets = (
				1A8AC9832C55FD590019E026 /* Live_Coding_Exam */,
				1A8AC9932C55FD5B0019E026 /* Live_Coding_ExamTests */,
				1A8AC99D2C55FD5B0019E026 /* Live_Coding_ExamUITests */,
			);
		};
/* End PBXProject section */

/* Begin PBXResourcesBuildPhase section */
		1A8AC9822C55FD590019E026 /* Resources */ = {
			isa = PBXResourcesBuildPhase;
			buildActionMask = 2147483647;
			files = (
				1A8AC98F2C55FD5B0019E026 /* Preview Assets.xcassets in Resources */,
				1A8AC98C2C55FD5B0019E026 /* Assets.xcassets in Resources */,
			);
			runOnlyForDeploymentPostprocessing = 0;
		};
		1A8AC9922C55FD5B0019E026 /* Resources */ = {
			isa = PBXResourcesBuildPhase;
			buildActionMask = 2147483647;
			files = (
			);
			runOnlyForDeploymentPostprocessing = 0;
		};
		1A8AC99C2C55FD5B0019E026 /* Resources */ = {
			isa = PBXResourcesBuildPhase;
			buildActionMask = 2147483647;
			files = (
			);
			runOnlyForDeploymentPostprocessing = 0;
		};
/* End PBXResourcesBuildPhase section */

/* Begin PBXSourcesBuildPhase section */
		1A8AC9802C55FD590019E026 /* Sources */ = {
			isa = PBXSourcesBuildPhase;
			buildActionMask = 2147483647;
			files = (
				1A8AC98A2C55FD590019E026 /* ContentView.swift in Sources */,
				1A8AC9882C55FD590019E026 /* Live_Coding_ExamApp.swift in Sources */,
				1A8AC9B22C55FD820019E026 /* GenderExtractor.swift in Sources */,
			);
			runOnlyForDeploymentPostprocessing = 0;
		};
		1A8AC9902C55FD5B0019E026 /* Sources */ = {
			isa = PBXSourcesBuildPhase;
			buildActionMask = 2147483647;
			files = (
				1A8AC9992C55FD5B0019E026 /* Live_Coding_ExamTests.swift in Sources */,
			);
			runOnlyForDeploymentPostprocessing = 0;
		};
		1A8AC99A2C55FD5B0019E026 /* Sources */ = {
			isa = PBXSourcesBuildPhase;
			buildActionMask = 2147483647;
			files = (
				1A8AC9A32C55FD5B0019E026 /* Live_Coding_ExamUITests.swift in Sources */,
				1A8AC9A52C55FD5B0019E026 /* Live_Coding_ExamUITestsLaunchTests.swift in Sources */,
			);
			runOnlyForDeploymentPostprocessing = 0;
		};
/* End PBXSourcesBuildPhase section */

/* Begin PBXTargetDependency section */
		1A8AC9962C55FD5B0019E026 /* PBXTargetDependency */ = {
			isa = PBXTargetDependency;
			target = 1A8AC9832C55FD590019E026 /* Live_Coding_Exam */;
			targetProxy = 1A8AC9952C55FD5B0019E026 /* PBXContainerItemProxy */;
		};
		1A8AC9A02C55FD5B0019E026 /* PBXTargetDependency */ = {
			isa = PBXTargetDependency;
			target = 1A8AC9832C55FD590019E026 /* Live_Coding_Exam */;
			targetProxy = 1A8AC99F2C55FD5B0019E026 /* PBXContainerItemProxy */;
		};
/* End PBXTargetDependency section */

/* Begin XCBuildConfiguration section */
		1A8AC9A62C55FD5B0019E026 /* Debug */ = {
			isa = XCBuildConfiguration;
			buildSettings = {
				ALWAYS_SEARCH_USER_PATHS = NO;
				ASSETCATALOG_COMPILER_GENERATE_SWIFT_ASSET_SYMBOL_EXTENSIONS = YES;
				CLANG_ANALYZER_NONNULL = YES;
				CLANG_ANALYZER_NUMBER_OBJECT_CONVERSION = YES_AGGRESSIVE;
				CLANG_CXX_LANGUAGE_STANDARD = "gnu++20";
				CLANG_ENABLE_MODULES = YES;
				CLANG_ENABLE_OBJC_ARC = YES;
				CLANG_ENABLE_OBJC_WEAK = YES;
				CLANG_WARN_BLOCK_CAPTURE_AUTORELEASING = YES;
				CLANG_WARN_BOOL_CONVERSION = YES;
				CLANG_WARN_COMMA = YES;
				CLANG_WARN_CONSTANT_CONVERSION = YES;
				CLANG_WARN_DEPRECATED_OBJC_IMPLEMENTATIONS = YES;
				CLANG_WARN_DIRECT_OBJC_ISA_USAGE = YES_ERROR;
				CLANG_WARN_DOCUMENTATION_COMMENTS = YES;
				CLANG_WARN_EMPTY_BODY = YES;
				CLANG_WARN_ENUM_CONVERSION = YES;
				CLANG_WARN_INFINITE_RECURSION = YES;
				CLANG_WARN_INT_CONVERSION = YES;
				CLANG_WARN_NON_LITERAL_NULL_CONVERSION = YES;
				CLANG_WARN_OBJC_IMPLICIT_RETAIN_SELF = YES;
				CLANG_WARN_OBJC_LITERAL_CONVERSION = YES;
				CLANG_WARN_OBJC_ROOT_CLASS = YES_ERROR;
				CLANG_WARN_QUOTED_INCLUDE_IN_FRAMEWORK_HEADER = YES;
				CLANG_WARN_RANGE_LOOP_ANALYSIS = YES;
				CLANG_WARN_STRICT_PROTOTYPES = YES;
				CLANG_WARN_SUSPICIOUS_MOVE = YES;
				CLANG_WARN_UNGUARDED_AVAILABILITY = YES_AGGRESSIVE;
				CLANG_WARN_UNREACHABLE_CODE = YES;
				CLANG_WARN__DUPLICATE_METHOD_MATCH = YES;
				COPY_PHASE_STRIP = NO;
				DEBUG_INFORMATION_FORMAT = dwarf;
				ENABLE_STRICT_OBJC_MSGSEND = YES;
				ENABLE_TESTABILITY = YES;
				ENABLE_USER_SCRIPT_SANDBOXING = YES;
				GCC_C_LANGUAGE_STANDARD = gnu17;
				GCC_DYNAMIC_NO_PIC = NO;
				GCC_NO_COMMON_BLOCKS = YES;
				GCC_OPTIMIZATION_LEVEL = 0;
				GCC_PREPROCESSOR_DEFINITIONS = (
					"DEBUG=1",
					"$(inherited)",
				);
				GCC_WARN_64_TO_32_BIT_CONVERSION = YES;
				GCC_WARN_ABOUT_RETURN_TYPE = YES_ERROR;
				GCC_WARN_UNDECLARED_SELECTOR = YES;
				GCC_WARN_UNINITIALIZED_AUTOS = YES_AGGRESSIVE;
				GCC_WARN_UNUSED_FUNCTION = YES;
				GCC_WARN_UNUSED_VARIABLE = YES;
				IPHONEOS_DEPLOYMENT_TARGET = 17.5;
				LOCALIZATION_PREFERS_STRING_CATALOGS = YES;
				MTL_ENABLE_DEBUG_INFO = INCLUDE_SOURCE;
				MTL_FAST_MATH = YES;
				ONLY_ACTIVE_ARCH = YES;
				SDKROOT = iphoneos;
				SWIFT_ACTIVE_COMPILATION_CONDITIONS = "DEBUG $(inherited)";
				SWIFT_OPTIMIZATION_LEVEL = "-Onone";
			};
			name = Debug;
		};
		1A8AC9A72C55FD5B0019E026 /* Release */ = {
			isa = XCBuildConfiguration;
			buildSettings = {
				ALWAYS_SEARCH_USER_PATHS = NO;
				ASSETCATALOG_COMPILER_GENERATE_SWIFT_ASSET_SYMBOL_EXTENSIONS = YES;
				CLANG_ANALYZER_NONNULL = YES;
				CLANG_ANALYZER_NUMBER_OBJECT_CONVERSION = YES_AGGRESSIVE;
				CLANG_CXX_LANGUAGE_STANDARD = "gnu++20";
				CLANG_ENABLE_MODULES = YES;
				CLANG_ENABLE_OBJC_ARC = YES;
				CLANG_ENABLE_OBJC_WEAK = YES;
				CLANG_WARN_BLOCK_CAPTURE_AUTORELEASING = YES;
				CLANG_WARN_BOOL_CONVERSION = YES;
				CLANG_WARN_COMMA = YES;
				CLANG_WARN_CONSTANT_CONVERSION = YES;
				CLANG_WARN_DEPRECATED_OBJC_IMPLEMENTATIONS = YES;
				CLANG_WARN_DIRECT_OBJC_ISA_USAGE = YES_ERROR;
				CLANG_WARN_DOCUMENTATION_COMMENTS = YES;
				CLANG_WARN_EMPTY_BODY = YES;
				CLANG_WARN_ENUM_CONVERSION = YES;
				CLANG_WARN_INFINITE_RECURSION = YES;
				CLANG_WARN_INT_CONVERSION = YES;
				CLANG_WARN_NON_LITERAL_NULL_CONVERSION = YES;
				CLANG_WARN_OBJC_IMPLICIT_RETAIN_SELF = YES;
				CLANG_WARN_OBJC_LITERAL_CONVERSION = YES;
				CLANG_WARN_OBJC_ROOT_CLASS = YES_ERROR;
				CLANG_WARN_QUOTED_INCLUDE_IN_FRAMEWORK_HEADER = YES;
				CLANG_WARN_RANGE_LOOP_ANALYSIS = YES;
				CLANG_WARN_STRICT_PROTOTYPES = YES;
				CLANG_WARN_SUSPICIOUS_MOVE = YES;
				CLANG_WARN_UNGUARDED_AVAILABILITY = YES_AGGRESSIVE;
				CLANG_WARN_UNREACHABLE_CODE = YES;
				CLANG_WARN__DUPLICATE_METHOD_MATCH = YES;
				COPY_PHASE_STRIP = NO;
				DEBUG_INFORMATION_FORMAT = "dwarf-with-dsym";
				ENABLE_NS_ASSERTIONS = NO;
				ENABLE_STRICT_OBJC_MSGSEND = YES;
				ENABLE_USER_SCRIPT_SANDBOXING = YES;
				GCC_C_LANGUAGE_STANDARD = gnu17;
				GCC_NO_COMMON_BLOCKS = YES;
				GCC_WARN_64_TO_32_BIT_CONVERSION = YES;
				GCC_WARN_ABOUT_RETURN_TYPE = YES_ERROR;
				GCC_WARN_UNDECLARED_SELECTOR = YES;
				GCC_WARN_UNINITIALIZED_AUTOS = YES_AGGRESSIVE;
				GCC_WARN_UNUSED_FUNCTION = YES;
				GCC_WARN_UNUSED_VARIABLE = YES;
				IPHONEOS_DEPLOYMENT_TARGET = 17.5;
				LOCALIZATION_PREFERS_STRING_CATALOGS = YES;
				MTL_ENABLE_DEBUG_INFO = NO;
				MTL_FAST_MATH = YES;
				SDKROOT = iphoneos;
				SWIFT_COMPILATION_MODE = wholemodule;
				VALIDATE_PRODUCT = YES;
			};
			name = Release;
		};
		1A8AC9A92C55FD5B0019E026 /* Debug */ = {
			isa = XCBuildConfiguration;
			buildSettings = {
				ASSETCATALOG_COMPILER_APPICON_NAME = AppIcon;
				ASSETCATALOG_COMPILER_GLOBAL_ACCENT_COLOR_NAME = AccentColor;
				CODE_SIGN_STYLE = Automatic;
				CURRENT_PROJECT_VERSION = 1;
				DEVELOPMENT_ASSET_PATHS = "\"Live_Coding_Exam/Preview Content\"";
				DEVELOPMENT_TEAM = WJX3DY3VK2;
				ENABLE_PREVIEWS = YES;
				GENERATE_INFOPLIST_FILE = YES;
				INFOPLIST_KEY_UIApplicationSceneManifest_Generation = YES;
				INFOPLIST_KEY_UIApplicationSupportsIndirectInputEvents = YES;
				INFOPLIST_KEY_UILaunchScreen_Generation = YES;
				INFOPLIST_KEY_UISupportedInterfaceOrientations_iPad = "UIInterfaceOrientationPortrait UIInterfaceOrientationPortraitUpsideDown UIInterfaceOrientationLandscapeLeft UIInterfaceOrientationLandscapeRight";
				INFOPLIST_KEY_UISupportedInterfaceOrientations_iPhone = "UIInterfaceOrientationPortrait UIInterfaceOrientationLandscapeLeft UIInterfaceOrientationLandscapeRight";
				LD_RUNPATH_SEARCH_PATHS = (
					"$(inherited)",
					"@executable_path/Frameworks",
				);
				MARKETING_VERSION = 1.0;
				PRODUCT_BUNDLE_IDENTIFIER = "com.hydroxidemedia.Live-Coding-Exam";
				PRODUCT_NAME = "$(TARGET_NAME)";
				SWIFT_EMIT_LOC_STRINGS = YES;
				SWIFT_VERSION = 5.0;
				TARGETED_DEVICE_FAMILY = "1,2";
			};
			name = Debug;
		};
		1A8AC9AA2C55FD5B0019E026 /* Release */ = {
			isa = XCBuildConfiguration;
			buildSettings = {
				ASSETCATALOG_COMPILER_APPICON_NAME = AppIcon;
				ASSETCATALOG_COMPILER_GLOBAL_ACCENT_COLOR_NAME = AccentColor;
				CODE_SIGN_STYLE = Automatic;
				CURRENT_PROJECT_VERSION = 1;
				DEVELOPMENT_ASSET_PATHS = "\"Live_Coding_Exam/Preview Content\"";
				DEVELOPMENT_TEAM = WJX3DY3VK2;
				ENABLE_PREVIEWS = YES;
				GENERATE_INFOPLIST_FILE = YES;
				INFOPLIST_KEY_UIApplicationSceneManifest_Generation = YES;
				INFOPLIST_KEY_UIApplicationSupportsIndirectInputEvents = YES;
				INFOPLIST_KEY_UILaunchScreen_Generation = YES;
				INFOPLIST_KEY_UISupportedInterfaceOrientations_iPad = "UIInterfaceOrientationPortrait UIInterfaceOrientationPortraitUpsideDown UIInterfaceOrientationLandscapeLeft UIInterfaceOrientationLandscapeRight";
				INFOPLIST_KEY_UISupportedInterfaceOrientations_iPhone = "UIInterfaceOrientationPortrait UIInterfaceOrientationLandscapeLeft UIInterfaceOrientationLandscapeRight";
				LD_RUNPATH_SEARCH_PATHS = (
					"$(inherited)",
					"@executable_path/Frameworks",
				);
				MARKETING_VERSION = 1.0;
				PRODUCT_BUNDLE_IDENTIFIER = "com.hydroxidemedia.Live-Coding-Exam";
				PRODUCT_NAME = "$(TARGET_NAME)";
				SWIFT_EMIT_LOC_STRINGS = YES;
				SWIFT_VERSION = 5.0;
				TARGETED_DEVICE_FAMILY = "1,2";
			};
			name = Release;
		};
		1A8AC9AC2C55FD5B0019E026 /* Debug */ = {
			isa = XCBuildConfiguration;
			buildSettings = {
				ALWAYS_EMBED_SWIFT_STANDARD_LIBRARIES = YES;
				BUNDLE_LOADER = "$(TEST_HOST)";
				CODE_SIGN_STYLE = Automatic;
				CURRENT_PROJECT_VERSION = 1;
				DEVELOPMENT_TEAM = WJX3DY3VK2;
				GENERATE_INFOPLIST_FILE = YES;
				IPHONEOS_DEPLOYMENT_TARGET = 17.5;
				MARKETING_VERSION = 1.0;
				PRODUCT_BUNDLE_IDENTIFIER = "com.hydroxidemedia.Live-Coding-ExamTests";
				PRODUCT_NAME = "$(TARGET_NAME)";
				SWIFT_EMIT_LOC_STRINGS = NO;
				SWIFT_VERSION = 5.0;
				TARGETED_DEVICE_FAMILY = "1,2";
				TEST_HOST = "$(BUILT_PRODUCTS_DIR)/Live_Coding_Exam.app/$(BUNDLE_EXECUTABLE_FOLDER_PATH)/Live_Coding_Exam";
			};
			name = Debug;
		};
		1A8AC9AD2C55FD5B0019E026 /* Release */ = {
			isa = XCBuildConfiguration;
			buildSettings = {
				ALWAYS_EMBED_SWIFT_STANDARD_LIBRARIES = YES;
				BUNDLE_LOADER = "$(TEST_HOST)";
				CODE_SIGN_STYLE = Automatic;
				CURRENT_PROJECT_VERSION = 1;
				DEVELOPMENT_TEAM = WJX3DY3VK2;
				GENERATE_INFOPLIST_FILE = YES;
				IPHONEOS_DEPLOYMENT_TARGET = 17.5;
				MARKETING_VERSION = 1.0;
				PRODUCT_BUNDLE_IDENTIFIER = "com.hydroxidemedia.Live-Coding-ExamTests";
				PRODUCT_NAME = "$(TARGET_NAME)";
				SWIFT_EMIT_LOC_STRINGS = NO;
				SWIFT_VERSION = 5.0;
				TARGETED_DEVICE_FAMILY = "1,2";
				TEST_HOST = "$(BUILT_PRODUCTS_DIR)/Live_Coding_Exam.app/$(BUNDLE_EXECUTABLE_FOLDER_PATH)/Live_Coding_Exam";
			};
			name = Release;
		};
		1A8AC9AF2C55FD5B0019E026 /* Debug */ = {
			isa = XCBuildConfiguration;
			buildSettings = {
				ALWAYS_EMBED_SWIFT_STANDARD_LIBRARIES = YES;
				CODE_SIGN_STYLE = Automatic;
				CURRENT_PROJECT_VERSION = 1;
				DEVELOPMENT_TEAM = WJX3DY3VK2;
				GENERATE_INFOPLIST_FILE = YES;
				MARKETING_VERSION = 1.0;
				PRODUCT_BUNDLE_IDENTIFIER = "com.hydroxidemedia.Live-Coding-ExamUITests";
				PRODUCT_NAME = "$(TARGET_NAME)";
				SWIFT_EMIT_LOC_STRINGS = NO;
				SWIFT_VERSION = 5.0;
				TARGETED_DEVICE_FAMILY = "1,2";
				TEST_TARGET_NAME = Live_Coding_Exam;
			};
			name = Debug;
		};
		1A8AC9B02C55FD5B0019E026 /* Release */ = {
			isa = XCBuildConfiguration;
			buildSettings = {
				ALWAYS_EMBED_SWIFT_STANDARD_LIBRARIES = YES;
				CODE_SIGN_STYLE = Automatic;
				CURRENT_PROJECT_VERSION = 1;
				DEVELOPMENT_TEAM = WJX3DY3VK2;
				GENERATE_INFOPLIST_FILE = YES;
				MARKETING_VERSION = 1.0;
				PRODUCT_BUNDLE_IDENTIFIER = "com.hydroxidemedia.Live-Coding-ExamUITests";
				PRODUCT_NAME = "$(TARGET_NAME)";
				SWIFT_EMIT_LOC_STRINGS = NO;
				SWIFT_VERSION = 5.0;
				TARGETED_DEVICE_FAMILY = "1,2";
				TEST_TARGET_NAME = Live_Coding_Exam;
			};
			name = Release;
		};
/* End XCBuildConfiguration section */

/* Begin XCConfigurationList section */
		1A8AC97F2C55FD590019E026 /* Build configuration list for PBXProject "Live_Coding_Exam" */ = {
			isa = XCConfigurationList;
			buildConfigurations = (
				1A8AC9A62C55FD5B0019E026 /* Debug */,
				1A8AC9A72C55FD5B0019E026 /* Release */,
			);
			defaultConfigurationIsVisible = 0;
			defaultConfigurationName = Release;
		};
		1A8AC9A82C55FD5B0019E026 /* Build configuration list for PBXNativeTarget "Live_Coding_Exam" */ = {
			isa = XCConfigurationList;
			buildConfigurations = (
				1A8AC9A92C55FD5B0019E026 /* Debug */,
				1A8AC9AA2C55FD5B0019E026 /* Release */,
			);
			defaultConfigurationIsVisible = 0;
			defaultConfigurationName = Release;
		};
		1A8AC9AB2C55FD5B0019E026 /* Build configuration list for PBXNativeTarget "Live_Coding_ExamTests" */ = {
			isa = XCConfigurationList;
			buildConfigurations = (
				1A8AC9AC2C55FD5B0019E026 /* Debug */,
				1A8AC9AD2C55FD5B0019E026 /* Release */,
			);
			defaultConfigurationIsVisible = 0;
			defaultConfigurationName = Release;
		};
		1A8AC9AE2C55FD5B0019E026 /* Build configuration list for PBXNativeTarget "Live_Coding_ExamUITests" */ = {
			isa = XCConfigurationList;
			buildConfigurations = (
				1A8AC9AF2C55FD5B0019E026 /* Debug */,
				1A8AC9B02C55FD5B0019E026 /* Release */,
			);
			defaultConfigurationIsVisible = 0;
			defaultConfigurationName = Release;
		};
/* End XCConfigurationList section */
	};
	rootObject = 1A8AC97C2C55FD590019E026 /* Project object */;
}
