// !$*UTF8*$!
{
	archiveVersion = 1;
	classes = {
	};
	objectVersion = 56;
	objects = {

/* Begin PBXBuildFile section */
		1A8AC8812C5517880019E026 /* practice3_remove_repeatsApp.swift in Sources */ = {isa = PBXBuildFile; fileRef = 1A8AC8802C5517880019E026 /* practice3_remove_repeatsApp.swift */; };
		1A8AC8832C5517880019E026 /* ContentView.swift in Sources */ = {isa = PBXBuildFile; fileRef = 1A8AC8822C5517880019E026 /* ContentView.swift */; };
		1A8AC8852C55178A0019E026 /* Assets.xcassets in Resources */ = {isa = PBXBuildFile; fileRef = 1A8AC8842C55178A0019E026 /* Assets.xcassets */; };
		1A8AC8882C55178A0019E026 /* Preview Assets.xcassets in Resources */ = {isa = PBXBuildFile; fileRef = 1A8AC8872C55178A0019E026 /* Preview Assets.xcassets */; };
		1A8AC8922C55178A0019E026 /* practice3_remove_repeatsTests.swift in Sources */ = {isa = PBXBuildFile; fileRef = 1A8AC8912C55178A0019E026 /* practice3_remove_repeatsTests.swift */; };
		1A8AC89C2C55178A0019E026 /* practice3_remove_repeatsUITests.swift in Sources */ = {isa = PBXBuildFile; fileRef = 1A8AC89B2C55178A0019E026 /* practice3_remove_repeatsUITests.swift */; };
		1A8AC89E2C55178A0019E026 /* practice3_remove_repeatsUITestsLaunchTests.swift in Sources */ = {isa = PBXBuildFile; fileRef = 1A8AC89D2C55178A0019E026 /* practice3_remove_repeatsUITestsLaunchTests.swift */; };
/* End PBXBuildFile section */

/* Begin PBXContainerItemProxy section */
		1A8AC88E2C55178A0019E026 /* PBXContainerItemProxy */ = {
			isa = PBXContainerItemProxy;
			containerPortal = 1A8AC8752C5517880019E026 /* Project object */;
			proxyType = 1;
			remoteGlobalIDString = 1A8AC87C2C5517880019E026;
			remoteInfo = practice3_remove_repeats;
		};
		1A8AC8982C55178A0019E026 /* PBXContainerItemProxy */ = {
			isa = PBXContainerItemProxy;
			containerPortal = 1A8AC8752C5517880019E026 /* Project object */;
			proxyType = 1;
			remoteGlobalIDString = 1A8AC87C2C5517880019E026;
			remoteInfo = practice3_remove_repeats;
		};
/* End PBXContainerItemProxy section */

/* Begin PBXFileReference section */
		1A8AC87D2C5517880019E026 /* practice3_remove_repeats.app */ = {isa = PBXFileReference; explicitFileType = wrapper.application; includeInIndex = 0; path = practice3_remove_repeats.app; sourceTree = BUILT_PRODUCTS_DIR; };
		1A8AC8802C5517880019E026 /* practice3_remove_repeatsApp.swift */ = {isa = PBXFileReference; lastKnownFileType = sourcecode.swift; path = practice3_remove_repeatsApp.swift; sourceTree = "<group>"; };
		1A8AC8822C5517880019E026 /* ContentView.swift */ = {isa = PBXFileReference; lastKnownFileType = sourcecode.swift; path = ContentView.swift; sourceTree = "<group>"; };
		1A8AC8842C55178A0019E026 /* Assets.xcassets */ = {isa = PBXFileReference; lastKnownFileType = folder.assetcatalog; path = Assets.xcassets; sourceTree = "<group>"; };
		1A8AC8872C55178A0019E026 /* Preview Assets.xcassets */ = {isa = PBXFileReference; lastKnownFileType = folder.assetcatalog; path = "Preview Assets.xcassets"; sourceTree = "<group>"; };
		1A8AC88D2C55178A0019E026 /* practice3_remove_repeatsTests.xctest */ = {isa = PBXFileReference; explicitFileType = wrapper.cfbundle; includeInIndex = 0; path = practice3_remove_repeatsTests.xctest; sourceTree = BUILT_PRODUCTS_DIR; };
		1A8AC8912C55178A0019E026 /* practice3_remove_repeatsTests.swift */ = {isa = PBXFileReference; lastKnownFileType = sourcecode.swift; path = practice3_remove_repeatsTests.swift; sourceTree = "<group>"; };
		1A8AC8972C55178A0019E026 /* practice3_remove_repeatsUITests.xctest */ = {isa = PBXFileReference; explicitFileType = wrapper.cfbundle; includeInIndex = 0; path = practice3_remove_repeatsUITests.xctest; sourceTree = BUILT_PRODUCTS_DIR; };
		1A8AC89B2C55178A0019E026 /* practice3_remove_repeatsUITests.swift */ = {isa = PBXFileReference; lastKnownFileType = sourcecode.swift; path = practice3_remove_repeatsUITests.swift; sourceTree = "<group>"; };
		1A8AC89D2C55178A0019E026 /* practice3_remove_repeatsUITestsLaunchTests.swift */ = {isa = PBXFileReference; lastKnownFileType = sourcecode.swift; path = practice3_remove_repeatsUITestsLaunchTests.swift; sourceTree = "<group>"; };
/* End PBXFileReference section */

/* Begin PBXFrameworksBuildPhase section */
		1A8AC87A2C5517880019E026 /* Frameworks */ = {
			isa = PBXFrameworksBuildPhase;
			buildActionMask = 2147483647;
			files = (
			);
			runOnlyForDeploymentPostprocessing = 0;
		};
		1A8AC88A2C55178A0019E026 /* Frameworks */ = {
			isa = PBXFrameworksBuildPhase;
			buildActionMask = 2147483647;
			files = (
			);
			runOnlyForDeploymentPostprocessing = 0;
		};
		1A8AC8942C55178A0019E026 /* Frameworks */ = {
			isa = PBXFrameworksBuildPhase;
			buildActionMask = 2147483647;
			files = (
			);
			runOnlyForDeploymentPostprocessing = 0;
		};
/* End PBXFrameworksBuildPhase section */

/* Begin PBXGroup section */
		1A8AC8742C5517880019E026 = {
			isa = PBXGroup;
			children = (
				1A8AC87F2C5517880019E026 /* practice3_remove_repeats */,
				1A8AC8902C55178A0019E026 /* practice3_remove_repeatsTests */,
				1A8AC89A2C55178A0019E026 /* practice3_remove_repeatsUITests */,
				1A8AC87E2C5517880019E026 /* Products */,
			);
			sourceTree = "<group>";
		};
		1A8AC87E2C5517880019E026 /* Products */ = {
			isa = PBXGroup;
			children = (
				1A8AC87D2C5517880019E026 /* practice3_remove_repeats.app */,
				1A8AC88D2C55178A0019E026 /* practice3_remove_repeatsTests.xctest */,
				1A8AC8972C55178A0019E026 /* practice3_remove_repeatsUITests.xctest */,
			);
			name = Products;
			sourceTree = "<group>";
		};
		1A8AC87F2C5517880019E026 /* practice3_remove_repeats */ = {
			isa = PBXGroup;
			children = (
				1A8AC8802C5517880019E026 /* practice3_remove_repeatsApp.swift */,
				1A8AC8822C5517880019E026 /* ContentView.swift */,
				1A8AC8842C55178A0019E026 /* Assets.xcassets */,
				1A8AC8862C55178A0019E026 /* Preview Content */,
			);
			path = practice3_remove_repeats;
			sourceTree = "<group>";
		};
		1A8AC8862C55178A0019E026 /* Preview Content */ = {
			isa = PBXGroup;
			children = (
				1A8AC8872C55178A0019E026 /* Preview Assets.xcassets */,
			);
			path = "Preview Content";
			sourceTree = "<group>";
		};
		1A8AC8902C55178A0019E026 /* practice3_remove_repeatsTests */ = {
			isa = PBXGroup;
			children = (
				1A8AC8912C55178A0019E026 /* practice3_remove_repeatsTests.swift */,
			);
			path = practice3_remove_repeatsTests;
			sourceTree = "<group>";
		};
		1A8AC89A2C55178A0019E026 /* practice3_remove_repeatsUITests */ = {
			isa = PBXGroup;
			children = (
				1A8AC89B2C55178A0019E026 /* practice3_remove_repeatsUITests.swift */,
				1A8AC89D2C55178A0019E026 /* practice3_remove_repeatsUITestsLaunchTests.swift */,
			);
			path = practice3_remove_repeatsUITests;
			sourceTree = "<group>";
		};
/* End PBXGroup section */

/* Begin PBXNativeTarget section */
		1A8AC87C2C5517880019E026 /* practice3_remove_repeats */ = {
			isa = PBXNativeTarget;
			buildConfigurationList = 1A8AC8A12C55178A0019E026 /* Build configuration list for PBXNativeTarget "practice3_remove_repeats" */;
			buildPhases = (
				1A8AC8792C5517880019E026 /* Sources */,
				1A8AC87A2C5517880019E026 /* Frameworks */,
				1A8AC87B2C5517880019E026 /* Resources */,
			);
			buildRules = (
			);
			dependencies = (
			);
			name = practice3_remove_repeats;
			productName = practice3_remove_repeats;
			productReference = 1A8AC87D2C5517880019E026 /* practice3_remove_repeats.app */;
			productType = "com.apple.product-type.application";
		};
		1A8AC88C2C55178A0019E026 /* practice3_remove_repeatsTests */ = {
			isa = PBXNativeTarget;
			buildConfigurationList = 1A8AC8A42C55178A0019E026 /* Build configuration list for PBXNativeTarget "practice3_remove_repeatsTests" */;
			buildPhases = (
				1A8AC8892C55178A0019E026 /* Sources */,
				1A8AC88A2C55178A0019E026 /* Frameworks */,
				1A8AC88B2C55178A0019E026 /* Resources */,
			);
			buildRules = (
			);
			dependencies = (
				1A8AC88F2C55178A0019E026 /* PBXTargetDependency */,
			);
			name = practice3_remove_repeatsTests;
			productName = practice3_remove_repeatsTests;
			productReference = 1A8AC88D2C55178A0019E026 /* practice3_remove_repeatsTests.xctest */;
			productType = "com.apple.product-type.bundle.unit-test";
		};
		1A8AC8962C55178A0019E026 /* practice3_remove_repeatsUITests */ = {
			isa = PBXNativeTarget;
			buildConfigurationList = 1A8AC8A72C55178A0019E026 /* Build configuration list for PBXNativeTarget "practice3_remove_repeatsUITests" */;
			buildPhases = (
				1A8AC8932C55178A0019E026 /* Sources */,
				1A8AC8942C55178A0019E026 /* Frameworks */,
				1A8AC8952C55178A0019E026 /* Resources */,
			);
			buildRules = (
			);
			dependencies = (
				1A8AC8992C55178A0019E026 /* PBXTargetDependency */,
			);
			name = practice3_remove_repeatsUITests;
			productName = practice3_remove_repeatsUITests;
			productReference = 1A8AC8972C55178A0019E026 /* practice3_remove_repeatsUITests.xctest */;
			productType = "com.apple.product-type.bundle.ui-testing";
		};
/* End PBXNativeTarget section */

/* Begin PBXProject section */
		1A8AC8752C5517880019E026 /* Project object */ = {
			isa = PBXProject;
			attributes = {
				BuildIndependentTargetsInParallel = 1;
				LastSwiftUpdateCheck = 1540;
				LastUpgradeCheck = 1540;
				TargetAttributes = {
					1A8AC87C2C5517880019E026 = {
						CreatedOnToolsVersion = 15.4;
					};
					1A8AC88C2C55178A0019E026 = {
						CreatedOnToolsVersion = 15.4;
						TestTargetID = 1A8AC87C2C5517880019E026;
					};
					1A8AC8962C55178A0019E026 = {
						CreatedOnToolsVersion = 15.4;
						TestTargetID = 1A8AC87C2C5517880019E026;
					};
				};
			};
			buildConfigurationList = 1A8AC8782C5517880019E026 /* Build configuration list for PBXProject "practice3_remove_repeats" */;
			compatibilityVersion = "Xcode 14.0";
			developmentRegion = en;
			hasScannedForEncodings = 0;
			knownRegions = (
				en,
				Base,
			);
			mainGroup = 1A8AC8742C5517880019E026;
			productRefGroup = 1A8AC87E2C5517880019E026 /* Products */;
			projectDirPath = "";
			projectRoot = "";
			targets = (
				1A8AC87C2C5517880019E026 /* practice3_remove_repeats */,
				1A8AC88C2C55178A0019E026 /* practice3_remove_repeatsTests */,
				1A8AC8962C55178A0019E026 /* practice3_remove_repeatsUITests */,
			);
		};
/* End PBXProject section */

/* Begin PBXResourcesBuildPhase section */
		1A8AC87B2C5517880019E026 /* Resources */ = {
			isa = PBXResourcesBuildPhase;
			buildActionMask = 2147483647;
			files = (
				1A8AC8882C55178A0019E026 /* Preview Assets.xcassets in Resources */,
				1A8AC8852C55178A0019E026 /* Assets.xcassets in Resources */,
			);
			runOnlyForDeploymentPostprocessing = 0;
		};
		1A8AC88B2C55178A0019E026 /* Resources */ = {
			isa = PBXResourcesBuildPhase;
			buildActionMask = 2147483647;
			files = (
			);
			runOnlyForDeploymentPostprocessing = 0;
		};
		1A8AC8952C55178A0019E026 /* Resources */ = {
			isa = PBXResourcesBuildPhase;
			buildActionMask = 2147483647;
			files = (
			);
			runOnlyForDeploymentPostprocessing = 0;
		};
/* End PBXResourcesBuildPhase section */

/* Begin PBXSourcesBuildPhase section */
		1A8AC8792C5517880019E026 /* Sources */ = {
			isa = PBXSourcesBuildPhase;
			buildActionMask = 2147483647;
			files = (
				1A8AC8832C5517880019E026 /* ContentView.swift in Sources */,
				1A8AC8812C5517880019E026 /* practice3_remove_repeatsApp.swift in Sources */,
			);
			runOnlyForDeploymentPostprocessing = 0;
		};
		1A8AC8892C55178A0019E026 /* Sources */ = {
			isa = PBXSourcesBuildPhase;
			buildActionMask = 2147483647;
			files = (
				1A8AC8922C55178A0019E026 /* practice3_remove_repeatsTests.swift in Sources */,
			);
			runOnlyForDeploymentPostprocessing = 0;
		};
		1A8AC8932C55178A0019E026 /* Sources */ = {
			isa = PBXSourcesBuildPhase;
			buildActionMask = 2147483647;
			files = (
				1A8AC89E2C55178A0019E026 /* practice3_remove_repeatsUITestsLaunchTests.swift in Sources */,
				1A8AC89C2C55178A0019E026 /* practice3_remove_repeatsUITests.swift in Sources */,
			);
			runOnlyForDeploymentPostprocessing = 0;
		};
/* End PBXSourcesBuildPhase section */

/* Begin PBXTargetDependency section */
		1A8AC88F2C55178A0019E026 /* PBXTargetDependency */ = {
			isa = PBXTargetDependency;
			target = 1A8AC87C2C5517880019E026 /* practice3_remove_repeats */;
			targetProxy = 1A8AC88E2C55178A0019E026 /* PBXContainerItemProxy */;
		};
		1A8AC8992C55178A0019E026 /* PBXTargetDependency */ = {
			isa = PBXTargetDependency;
			target = 1A8AC87C2C5517880019E026 /* practice3_remove_repeats */;
			targetProxy = 1A8AC8982C55178A0019E026 /* PBXContainerItemProxy */;
		};
/* End PBXTargetDependency section */

/* Begin XCBuildConfiguration section */
		1A8AC89F2C55178A0019E026 /* Debug */ = {
			isa = XCBuildConfiguration;
			buildSettings = {
				ALWAYS_SEARCH_USER_PATHS = NO;
				ASSETCATALOG_COMPILER_GENERATE_SWIFT_ASSET_SYMBOL_EXTENSIONS = YES;
				CLANG_ANALYZER_NONNULL = YES;
				CLANG_ANALYZER_NUMBER_OBJECT_CONVERSION = YES_AGGRESSIVE;
				CLANG_CXX_LANGUAGE_STANDARD = "gnu++20";
				CLANG_ENABLE_MODULES = YES;
				CLANG_ENABLE_OBJC_ARC = YES;
				CLANG_ENABLE_OBJC_WEAK = YES;
				CLANG_WARN_BLOCK_CAPTURE_AUTORELEASING = YES;
				CLANG_WARN_BOOL_CONVERSION = YES;
				CLANG_WARN_COMMA = YES;
				CLANG_WARN_CONSTANT_CONVERSION = YES;
				CLANG_WARN_DEPRECATED_OBJC_IMPLEMENTATIONS = YES;
				CLANG_WARN_DIRECT_OBJC_ISA_USAGE = YES_ERROR;
				CLANG_WARN_DOCUMENTATION_COMMENTS = YES;
				CLANG_WARN_EMPTY_BODY = YES;
				CLANG_WARN_ENUM_CONVERSION = YES;
				CLANG_WARN_INFINITE_RECURSION = YES;
				CLANG_WARN_INT_CONVERSION = YES;
				CLANG_WARN_NON_LITERAL_NULL_CONVERSION = YES;
				CLANG_WARN_OBJC_IMPLICIT_RETAIN_SELF = YES;
				CLANG_WARN_OBJC_LITERAL_CONVERSION = YES;
				CLANG_WARN_OBJC_ROOT_CLASS = YES_ERROR;
				CLANG_WARN_QUOTED_INCLUDE_IN_FRAMEWORK_HEADER = YES;
				CLANG_WARN_RANGE_LOOP_ANALYSIS = YES;
				CLANG_WARN_STRICT_PROTOTYPES = YES;
				CLANG_WARN_SUSPICIOUS_MOVE = YES;
				CLANG_WARN_UNGUARDED_AVAILABILITY = YES_AGGRESSIVE;
				CLANG_WARN_UNREACHABLE_CODE = YES;
				CLANG_WARN__DUPLICATE_METHOD_MATCH = YES;
				COPY_PHASE_STRIP = NO;
				DEBUG_INFORMATION_FORMAT = dwarf;
				ENABLE_STRICT_OBJC_MSGSEND = YES;
				ENABLE_TESTABILITY = YES;
				ENABLE_USER_SCRIPT_SANDBOXING = YES;
				GCC_C_LANGUAGE_STANDARD = gnu17;
				GCC_DYNAMIC_NO_PIC = NO;
				GCC_NO_COMMON_BLOCKS = YES;
				GCC_OPTIMIZATION_LEVEL = 0;
				GCC_PREPROCESSOR_DEFINITIONS = (
					"DEBUG=1",
					"$(inherited)",
				);
				GCC_WARN_64_TO_32_BIT_CONVERSION = YES;
				GCC_WARN_ABOUT_RETURN_TYPE = YES_ERROR;
				GCC_WARN_UNDECLARED_SELECTOR = YES;
				GCC_WARN_UNINITIALIZED_AUTOS = YES_AGGRESSIVE;
				GCC_WARN_UNUSED_FUNCTION = YES;
				GCC_WARN_UNUSED_VARIABLE = YES;
				IPHONEOS_DEPLOYMENT_TARGET = 17.5;
				LOCALIZATION_PREFERS_STRING_CATALOGS = YES;
				MTL_ENABLE_DEBUG_INFO = INCLUDE_SOURCE;
				MTL_FAST_MATH = YES;
				ONLY_ACTIVE_ARCH = YES;
				SDKROOT = iphoneos;
				SWIFT_ACTIVE_COMPILATION_CONDITIONS = "DEBUG $(inherited)";
				SWIFT_OPTIMIZATION_LEVEL = "-Onone";
			};
			name = Debug;
		};
		1A8AC8A02C55178A0019E026 /* Release */ = {
			isa = XCBuildConfiguration;
			buildSettings = {
				ALWAYS_SEARCH_USER_PATHS = NO;
				ASSETCATALOG_COMPILER_GENERATE_SWIFT_ASSET_SYMBOL_EXTENSIONS = YES;
				CLANG_ANALYZER_NONNULL = YES;
				CLANG_ANALYZER_NUMBER_OBJECT_CONVERSION = YES_AGGRESSIVE;
				CLANG_CXX_LANGUAGE_STANDARD = "gnu++20";
				CLANG_ENABLE_MODULES = YES;
				CLANG_ENABLE_OBJC_ARC = YES;
				CLANG_ENABLE_OBJC_WEAK = YES;
				CLANG_WARN_BLOCK_CAPTURE_AUTORELEASING = YES;
				CLANG_WARN_BOOL_CONVERSION = YES;
				CLANG_WARN_COMMA = YES;
				CLANG_WARN_CONSTANT_CONVERSION = YES;
				CLANG_WARN_DEPRECATED_OBJC_IMPLEMENTATIONS = YES;
				CLANG_WARN_DIRECT_OBJC_ISA_USAGE = YES_ERROR;
				CLANG_WARN_DOCUMENTATION_COMMENTS = YES;
				CLANG_WARN_EMPTY_BODY = YES;
				CLANG_WARN_ENUM_CONVERSION = YES;
				CLANG_WARN_INFINITE_RECURSION = YES;
				CLANG_WARN_INT_CONVERSION = YES;
				CLANG_WARN_NON_LITERAL_NULL_CONVERSION = YES;
				CLANG_WARN_OBJC_IMPLICIT_RETAIN_SELF = YES;
				CLANG_WARN_OBJC_LITERAL_CONVERSION = YES;
				CLANG_WARN_OBJC_ROOT_CLASS = YES_ERROR;
				CLANG_WARN_QUOTED_INCLUDE_IN_FRAMEWORK_HEADER = YES;
				CLANG_WARN_RANGE_LOOP_ANALYSIS = YES;
				CLANG_WARN_STRICT_PROTOTYPES = YES;
				CLANG_WARN_SUSPICIOUS_MOVE = YES;
				CLANG_WARN_UNGUARDED_AVAILABILITY = YES_AGGRESSIVE;
				CLANG_WARN_UNREACHABLE_CODE = YES;
				CLANG_WARN__DUPLICATE_METHOD_MATCH = YES;
				COPY_PHASE_STRIP = NO;
				DEBUG_INFORMATION_FORMAT = "dwarf-with-dsym";
				ENABLE_NS_ASSERTIONS = NO;
				ENABLE_STRICT_OBJC_MSGSEND = YES;
				ENABLE_USER_SCRIPT_SANDBOXING = YES;
				GCC_C_LANGUAGE_STANDARD = gnu17;
				GCC_NO_COMMON_BLOCKS = YES;
				GCC_WARN_64_TO_32_BIT_CONVERSION = YES;
				GCC_WARN_ABOUT_RETURN_TYPE = YES_ERROR;
				GCC_WARN_UNDECLARED_SELECTOR = YES;
				GCC_WARN_UNINITIALIZED_AUTOS = YES_AGGRESSIVE;
				GCC_WARN_UNUSED_FUNCTION = YES;
				GCC_WARN_UNUSED_VARIABLE = YES;
				IPHONEOS_DEPLOYMENT_TARGET = 17.5;
				LOCALIZATION_PREFERS_STRING_CATALOGS = YES;
				MTL_ENABLE_DEBUG_INFO = NO;
				MTL_FAST_MATH = YES;
				SDKROOT = iphoneos;
				SWIFT_COMPILATION_MODE = wholemodule;
				VALIDATE_PRODUCT = YES;
			};
			name = Release;
		};
		1A8AC8A22C55178A0019E026 /* Debug */ = {
			isa = XCBuildConfiguration;
			buildSettings = {
				ASSETCATALOG_COMPILER_APPICON_NAME = AppIcon;
				ASSETCATALOG_COMPILER_GLOBAL_ACCENT_COLOR_NAME = AccentColor;
				CODE_SIGN_STYLE = Automatic;
				CURRENT_PROJECT_VERSION = 1;
				DEVELOPMENT_ASSET_PATHS = "\"practice3_remove_repeats/Preview Content\"";
				DEVELOPMENT_TEAM = WJX3DY3VK2;
				ENABLE_PREVIEWS = YES;
				GENERATE_INFOPLIST_FILE = YES;
				INFOPLIST_KEY_UIApplicationSceneManifest_Generation = YES;
				INFOPLIST_KEY_UIApplicationSupportsIndirectInputEvents = YES;
				INFOPLIST_KEY_UILaunchScreen_Generation = YES;
				INFOPLIST_KEY_UISupportedInterfaceOrientations_iPad = "UIInterfaceOrientationPortrait UIInterfaceOrientationPortraitUpsideDown UIInterfaceOrientationLandscapeLeft UIInterfaceOrientationLandscapeRight";
				INFOPLIST_KEY_UISupportedInterfaceOrientations_iPhone = "UIInterfaceOrientationPortrait UIInterfaceOrientationLandscapeLeft UIInterfaceOrientationLandscapeRight";
				LD_RUNPATH_SEARCH_PATHS = (
					"$(inherited)",
					"@executable_path/Frameworks",
				);
				MARKETING_VERSION = 1.0;
				PRODUCT_BUNDLE_IDENTIFIER = "com.hydroxidemedia.practice3-remove-repeats";
				PRODUCT_NAME = "$(TARGET_NAME)";
				SWIFT_EMIT_LOC_STRINGS = YES;
				SWIFT_VERSION = 5.0;
				TARGETED_DEVICE_FAMILY = "1,2";
			};
			name = Debug;
		};
		1A8AC8A32C55178A0019E026 /* Release */ = {
			isa = XCBuildConfiguration;
			buildSettings = {
				ASSETCATALOG_COMPILER_APPICON_NAME = AppIcon;
				ASSETCATALOG_COMPILER_GLOBAL_ACCENT_COLOR_NAME = AccentColor;
				CODE_SIGN_STYLE = Automatic;
				CURRENT_PROJECT_VERSION = 1;
				DEVELOPMENT_ASSET_PATHS = "\"practice3_remove_repeats/Preview Content\"";
				DEVELOPMENT_TEAM = WJX3DY3VK2;
				ENABLE_PREVIEWS = YES;
				GENERATE_INFOPLIST_FILE = YES;
				INFOPLIST_KEY_UIApplicationSceneManifest_Generation = YES;
				INFOPLIST_KEY_UIApplicationSupportsIndirectInputEvents = YES;
				INFOPLIST_KEY_UILaunchScreen_Generation = YES;
				INFOPLIST_KEY_UISupportedInterfaceOrientations_iPad = "UIInterfaceOrientationPortrait UIInterfaceOrientationPortraitUpsideDown UIInterfaceOrientationLandscapeLeft UIInterfaceOrientationLandscapeRight";
				INFOPLIST_KEY_UISupportedInterfaceOrientations_iPhone = "UIInterfaceOrientationPortrait UIInterfaceOrientationLandscapeLeft UIInterfaceOrientationLandscapeRight";
				LD_RUNPATH_SEARCH_PATHS = (
					"$(inherited)",
					"@executable_path/Frameworks",
				);
				MARKETING_VERSION = 1.0;
				PRODUCT_BUNDLE_IDENTIFIER = "com.hydroxidemedia.practice3-remove-repeats";
				PRODUCT_NAME = "$(TARGET_NAME)";
				SWIFT_EMIT_LOC_STRINGS = YES;
				SWIFT_VERSION = 5.0;
				TARGETED_DEVICE_FAMILY = "1,2";
			};
			name = Release;
		};
		1A8AC8A52C55178A0019E026 /* Debug */ = {
			isa = XCBuildConfiguration;
			buildSettings = {
				ALWAYS_EMBED_SWIFT_STANDARD_LIBRARIES = YES;
				BUNDLE_LOADER = "$(TEST_HOST)";
				CODE_SIGN_STYLE = Automatic;
				CURRENT_PROJECT_VERSION = 1;
				DEVELOPMENT_TEAM = WJX3DY3VK2;
				GENERATE_INFOPLIST_FILE = YES;
				IPHONEOS_DEPLOYMENT_TARGET = 17.5;
				MARKETING_VERSION = 1.0;
				PRODUCT_BUNDLE_IDENTIFIER = "com.hydroxidemedia.practice3-remove-repeatsTests";
				PRODUCT_NAME = "$(TARGET_NAME)";
				SWIFT_EMIT_LOC_STRINGS = NO;
				SWIFT_VERSION = 5.0;
				TARGETED_DEVICE_FAMILY = "1,2";
				TEST_HOST = "$(BUILT_PRODUCTS_DIR)/practice3_remove_repeats.app/$(BUNDLE_EXECUTABLE_FOLDER_PATH)/practice3_remove_repeats";
			};
			name = Debug;
		};
		1A8AC8A62C55178A0019E026 /* Release */ = {
			isa = XCBuildConfiguration;
			buildSettings = {
				ALWAYS_EMBED_SWIFT_STANDARD_LIBRARIES = YES;
				BUNDLE_LOADER = "$(TEST_HOST)";
				CODE_SIGN_STYLE = Automatic;
				CURRENT_PROJECT_VERSION = 1;
				DEVELOPMENT_TEAM = WJX3DY3VK2;
				GENERATE_INFOPLIST_FILE = YES;
				IPHONEOS_DEPLOYMENT_TARGET = 17.5;
				MARKETING_VERSION = 1.0;
				PRODUCT_BUNDLE_IDENTIFIER = "com.hydroxidemedia.practice3-remove-repeatsTests";
				PRODUCT_NAME = "$(TARGET_NAME)";
				SWIFT_EMIT_LOC_STRINGS = NO;
				SWIFT_VERSION = 5.0;
				TARGETED_DEVICE_FAMILY = "1,2";
				TEST_HOST = "$(BUILT_PRODUCTS_DIR)/practice3_remove_repeats.app/$(BUNDLE_EXECUTABLE_FOLDER_PATH)/practice3_remove_repeats";
			};
			name = Release;
		};
		1A8AC8A82C55178A0019E026 /* Debug */ = {
			isa = XCBuildConfiguration;
			buildSettings = {
				ALWAYS_EMBED_SWIFT_STANDARD_LIBRARIES = YES;
				CODE_SIGN_STYLE = Automatic;
				CURRENT_PROJECT_VERSION = 1;
				DEVELOPMENT_TEAM = WJX3DY3VK2;
				GENERATE_INFOPLIST_FILE = YES;
				MARKETING_VERSION = 1.0;
				PRODUCT_BUNDLE_IDENTIFIER = "com.hydroxidemedia.practice3-remove-repeatsUITests";
				PRODUCT_NAME = "$(TARGET_NAME)";
				SWIFT_EMIT_LOC_STRINGS = NO;
				SWIFT_VERSION = 5.0;
				TARGETED_DEVICE_FAMILY = "1,2";
				TEST_TARGET_NAME = practice3_remove_repeats;
			};
			name = Debug;
		};
		1A8AC8A92C55178A0019E026 /* Release */ = {
			isa = XCBuildConfiguration;
			buildSettings = {
				ALWAYS_EMBED_SWIFT_STANDARD_LIBRARIES = YES;
				CODE_SIGN_STYLE = Automatic;
				CURRENT_PROJECT_VERSION = 1;
				DEVELOPMENT_TEAM = WJX3DY3VK2;
				GENERATE_INFOPLIST_FILE = YES;
				MARKETING_VERSION = 1.0;
				PRODUCT_BUNDLE_IDENTIFIER = "com.hydroxidemedia.practice3-remove-repeatsUITests";
				PRODUCT_NAME = "$(TARGET_NAME)";
				SWIFT_EMIT_LOC_STRINGS = NO;
				SWIFT_VERSION = 5.0;
				TARGETED_DEVICE_FAMILY = "1,2";
				TEST_TARGET_NAME = practice3_remove_repeats;
			};
			name = Release;
		};
/* End XCBuildConfiguration section */

/* Begin XCConfigurationList section */
		1A8AC8782C5517880019E026 /* Build configuration list for PBXProject "practice3_remove_repeats" */ = {
			isa = XCConfigurationList;
			buildConfigurations = (
				1A8AC89F2C55178A0019E026 /* Debug */,
				1A8AC8A02C55178A0019E026 /* Release */,
			);
			defaultConfigurationIsVisible = 0;
			defaultConfigurationName = Release;
		};
		1A8AC8A12C55178A0019E026 /* Build configuration list for PBXNativeTarget "practice3_remove_repeats" */ = {
			isa = XCConfigurationList;
			buildConfigurations = (
				1A8AC8A22C55178A0019E026 /* Debug */,
				1A8AC8A32C55178A0019E026 /* Release */,
			);
			defaultConfigurationIsVisible = 0;
			defaultConfigurationName = Release;
		};
		1A8AC8A42C55178A0019E026 /* Build configuration list for PBXNativeTarget "practice3_remove_repeatsTests" */ = {
			isa = XCConfigurationList;
			buildConfigurations = (
				1A8AC8A52C55178A0019E026 /* Debug */,
				1A8AC8A62C55178A0019E026 /* Release */,
			);
			defaultConfigurationIsVisible = 0;
			defaultConfigurationName = Release;
		};
		1A8AC8A72C55178A0019E026 /* Build configuration list for PBXNativeTarget "practice3_remove_repeatsUITests" */ = {
			isa = XCConfigurationList;
			buildConfigurations = (
				1A8AC8A82C55178A0019E026 /* Debug */,
				1A8AC8A92C55178A0019E026 /* Release */,
			);
			defaultConfigurationIsVisible = 0;
			defaultConfigurationName = Release;
		};
/* End XCConfigurationList section */
	};
	rootObject = 1A8AC8752C5517880019E026 /* Project object */;
}
