// !$*UTF8*$!
{
	archiveVersion = 1;
	classes = {
	};
	objectVersion = 56;
	objects = {

/* Begin PBXBuildFile section */
		1A8AC8122C53C4A20019E026 /* practice1_appApp.swift in Sources */ = {isa = PBXBuildFile; fileRef = 1A8AC8112C53C4A20019E026 /* practice1_appApp.swift */; };
		1A8AC8142C53C4A20019E026 /* ContentView.swift in Sources */ = {isa = PBXBuildFile; fileRef = 1A8AC8132C53C4A20019E026 /* ContentView.swift */; };
		1A8AC8162C53C4A30019E026 /* Assets.xcassets in Resources */ = {isa = PBXBuildFile; fileRef = 1A8AC8152C53C4A30019E026 /* Assets.xcassets */; };
		1A8AC8192C53C4A30019E026 /* Preview Assets.xcassets in Resources */ = {isa = PBXBuildFile; fileRef = 1A8AC8182C53C4A30019E026 /* Preview Assets.xcassets */; };
		1A8AC8242C53C4A30019E026 /* practice1_appTests.swift in Sources */ = {isa = PBXBuildFile; fileRef = 1A8AC8232C53C4A30019E026 /* practice1_appTests.swift */; };
		1A8AC82E2C53C4A30019E026 /* practice1_appUITests.swift in Sources */ = {isa = PBXBuildFile; fileRef = 1A8AC82D2C53C4A30019E026 /* practice1_appUITests.swift */; };
		1A8AC8302C53C4A30019E026 /* practice1_appUITestsLaunchTests.swift in Sources */ = {isa = PBXBuildFile; fileRef = 1A8AC82F2C53C4A30019E026 /* practice1_appUITestsLaunchTests.swift */; };
/* End PBXBuildFile section */

/* Begin PBXContainerItemProxy section */
		1A8AC8202C53C4A30019E026 /* PBXContainerItemProxy */ = {
			isa = PBXContainerItemProxy;
			containerPortal = 1A8AC8062C53C4A20019E026 /* Project object */;
			proxyType = 1;
			remoteGlobalIDString = 1A8AC80D2C53C4A20019E026;
			remoteInfo = practice1_app;
		};
		1A8AC82A2C53C4A30019E026 /* PBXContainerItemProxy */ = {
			isa = PBXContainerItemProxy;
			containerPortal = 1A8AC8062C53C4A20019E026 /* Project object */;
			proxyType = 1;
			remoteGlobalIDString = 1A8AC80D2C53C4A20019E026;
			remoteInfo = practice1_app;
		};
/* End PBXContainerItemProxy section */

/* Begin PBXFileReference section */
		1A8AC80E2C53C4A20019E026 /* practice1_app.app */ = {isa = PBXFileReference; explicitFileType = wrapper.application; includeInIndex = 0; path = practice1_app.app; sourceTree = BUILT_PRODUCTS_DIR; };
		1A8AC8112C53C4A20019E026 /* practice1_appApp.swift */ = {isa = PBXFileReference; lastKnownFileType = sourcecode.swift; path = practice1_appApp.swift; sourceTree = "<group>"; };
		1A8AC8132C53C4A20019E026 /* ContentView.swift */ = {isa = PBXFileReference; lastKnownFileType = sourcecode.swift; path = ContentView.swift; sourceTree = "<group>"; };
		1A8AC8152C53C4A30019E026 /* Assets.xcassets */ = {isa = PBXFileReference; lastKnownFileType = folder.assetcatalog; path = Assets.xcassets; sourceTree = "<group>"; };
		1A8AC8182C53C4A30019E026 /* Preview Assets.xcassets */ = {isa = PBXFileReference; lastKnownFileType = folder.assetcatalog; path = "Preview Assets.xcassets"; sourceTree = "<group>"; };
		1A8AC81A2C53C4A30019E026 /* practice1_app.entitlements */ = {isa = PBXFileReference; lastKnownFileType = text.plist.entitlements; path = practice1_app.entitlements; sourceTree = "<group>"; };
		1A8AC81F2C53C4A30019E026 /* practice1_appTests.xctest */ = {isa = PBXFileReference; explicitFileType = wrapper.cfbundle; includeInIndex = 0; path = practice1_appTests.xctest; sourceTree = BUILT_PRODUCTS_DIR; };
		1A8AC8232C53C4A30019E026 /* practice1_appTests.swift */ = {isa = PBXFileReference; lastKnownFileType = sourcecode.swift; path = practice1_appTests.swift; sourceTree = "<group>"; };
		1A8AC8292C53C4A30019E026 /* practice1_appUITests.xctest */ = {isa = PBXFileReference; explicitFileType = wrapper.cfbundle; includeInIndex = 0; path = practice1_appUITests.xctest; sourceTree = BUILT_PRODUCTS_DIR; };
		1A8AC82D2C53C4A30019E026 /* practice1_appUITests.swift */ = {isa = PBXFileReference; lastKnownFileType = sourcecode.swift; path = practice1_appUITests.swift; sourceTree = "<group>"; };
		1A8AC82F2C53C4A30019E026 /* practice1_appUITestsLaunchTests.swift */ = {isa = PBXFileReference; lastKnownFileType = sourcecode.swift; path = practice1_appUITestsLaunchTests.swift; sourceTree = "<group>"; };
/* End PBXFileReference section */

/* Begin PBXFrameworksBuildPhase section */
		1A8AC80B2C53C4A20019E026 /* Frameworks */ = {
			isa = PBXFrameworksBuildPhase;
			buildActionMask = 2147483647;
			files = (
			);
			runOnlyForDeploymentPostprocessing = 0;
		};
		1A8AC81C2C53C4A30019E026 /* Frameworks */ = {
			isa = PBXFrameworksBuildPhase;
			buildActionMask = 2147483647;
			files = (
			);
			runOnlyForDeploymentPostprocessing = 0;
		};
		1A8AC8262C53C4A30019E026 /* Frameworks */ = {
			isa = PBXFrameworksBuildPhase;
			buildActionMask = 2147483647;
			files = (
			);
			runOnlyForDeploymentPostprocessing = 0;
		};
/* End PBXFrameworksBuildPhase section */

/* Begin PBXGroup section */
		1A8AC8052C53C4A20019E026 = {
			isa = PBXGroup;
			children = (
				1A8AC8102C53C4A20019E026 /* practice1_app */,
				1A8AC8222C53C4A30019E026 /* practice1_appTests */,
				1A8AC82C2C53C4A30019E026 /* practice1_appUITests */,
				1A8AC80F2C53C4A20019E026 /* Products */,
			);
			sourceTree = "<group>";
		};
		1A8AC80F2C53C4A20019E026 /* Products */ = {
			isa = PBXGroup;
			children = (
				1A8AC80E2C53C4A20019E026 /* practice1_app.app */,
				1A8AC81F2C53C4A30019E026 /* practice1_appTests.xctest */,
				1A8AC8292C53C4A30019E026 /* practice1_appUITests.xctest */,
			);
			name = Products;
			sourceTree = "<group>";
		};
		1A8AC8102C53C4A20019E026 /* practice1_app */ = {
			isa = PBXGroup;
			children = (
				1A8AC8112C53C4A20019E026 /* practice1_appApp.swift */,
				1A8AC8132C53C4A20019E026 /* ContentView.swift */,
				1A8AC8152C53C4A30019E026 /* Assets.xcassets */,
				1A8AC81A2C53C4A30019E026 /* practice1_app.entitlements */,
				1A8AC8172C53C4A30019E026 /* Preview Content */,
			);
			path = practice1_app;
			sourceTree = "<group>";
		};
		1A8AC8172C53C4A30019E026 /* Preview Content */ = {
			isa = PBXGroup;
			children = (
				1A8AC8182C53C4A30019E026 /* Preview Assets.xcassets */,
			);
			path = "Preview Content";
			sourceTree = "<group>";
		};
		1A8AC8222C53C4A30019E026 /* practice1_appTests */ = {
			isa = PBXGroup;
			children = (
				1A8AC8232C53C4A30019E026 /* practice1_appTests.swift */,
			);
			path = practice1_appTests;
			sourceTree = "<group>";
		};
		1A8AC82C2C53C4A30019E026 /* practice1_appUITests */ = {
			isa = PBXGroup;
			children = (
				1A8AC82D2C53C4A30019E026 /* practice1_appUITests.swift */,
				1A8AC82F2C53C4A30019E026 /* practice1_appUITestsLaunchTests.swift */,
			);
			path = practice1_appUITests;
			sourceTree = "<group>";
		};
/* End PBXGroup section */

/* Begin PBXNativeTarget section */
		1A8AC80D2C53C4A20019E026 /* practice1_app */ = {
			isa = PBXNativeTarget;
			buildConfigurationList = 1A8AC8332C53C4A30019E026 /* Build configuration list for PBXNativeTarget "practice1_app" */;
			buildPhases = (
				1A8AC80A2C53C4A20019E026 /* Sources */,
				1A8AC80B2C53C4A20019E026 /* Frameworks */,
				1A8AC80C2C53C4A20019E026 /* Resources */,
			);
			buildRules = (
			);
			dependencies = (
			);
			name = practice1_app;
			productName = practice1_app;
			productReference = 1A8AC80E2C53C4A20019E026 /* practice1_app.app */;
			productType = "com.apple.product-type.application";
		};
		1A8AC81E2C53C4A30019E026 /* practice1_appTests */ = {
			isa = PBXNativeTarget;
			buildConfigurationList = 1A8AC8362C53C4A30019E026 /* Build configuration list for PBXNativeTarget "practice1_appTests" */;
			buildPhases = (
				1A8AC81B2C53C4A30019E026 /* Sources */,
				1A8AC81C2C53C4A30019E026 /* Frameworks */,
				1A8AC81D2C53C4A30019E026 /* Resources */,
			);
			buildRules = (
			);
			dependencies = (
				1A8AC8212C53C4A30019E026 /* PBXTargetDependency */,
			);
			name = practice1_appTests;
			productName = practice1_appTests;
			productReference = 1A8AC81F2C53C4A30019E026 /* practice1_appTests.xctest */;
			productType = "com.apple.product-type.bundle.unit-test";
		};
		1A8AC8282C53C4A30019E026 /* practice1_appUITests */ = {
			isa = PBXNativeTarget;
			buildConfigurationList = 1A8AC8392C53C4A30019E026 /* Build configuration list for PBXNativeTarget "practice1_appUITests" */;
			buildPhases = (
				1A8AC8252C53C4A30019E026 /* Sources */,
				1A8AC8262C53C4A30019E026 /* Frameworks */,
				1A8AC8272C53C4A30019E026 /* Resources */,
			);
			buildRules = (
			);
			dependencies = (
				1A8AC82B2C53C4A30019E026 /* PBXTargetDependency */,
			);
			name = practice1_appUITests;
			productName = practice1_appUITests;
			productReference = 1A8AC8292C53C4A30019E026 /* practice1_appUITests.xctest */;
			productType = "com.apple.product-type.bundle.ui-testing";
		};
/* End PBXNativeTarget section */

/* Begin PBXProject section */
		1A8AC8062C53C4A20019E026 /* Project object */ = {
			isa = PBXProject;
			attributes = {
				BuildIndependentTargetsInParallel = 1;
				LastSwiftUpdateCheck = 1540;
				LastUpgradeCheck = 1540;
				TargetAttributes = {
					1A8AC80D2C53C4A20019E026 = {
						CreatedOnToolsVersion = 15.4;
					};
					1A8AC81E2C53C4A30019E026 = {
						CreatedOnToolsVersion = 15.4;
						TestTargetID = 1A8AC80D2C53C4A20019E026;
					};
					1A8AC8282C53C4A30019E026 = {
						CreatedOnToolsVersion = 15.4;
						TestTargetID = 1A8AC80D2C53C4A20019E026;
					};
				};
			};
			buildConfigurationList = 1A8AC8092C53C4A20019E026 /* Build configuration list for PBXProject "practice1_app" */;
			compatibilityVersion = "Xcode 14.0";
			developmentRegion = en;
			hasScannedForEncodings = 0;
			knownRegions = (
				en,
				Base,
			);
			mainGroup = 1A8AC8052C53C4A20019E026;
			productRefGroup = 1A8AC80F2C53C4A20019E026 /* Products */;
			projectDirPath = "";
			projectRoot = "";
			targets = (
				1A8AC80D2C53C4A20019E026 /* practice1_app */,
				1A8AC81E2C53C4A30019E026 /* practice1_appTests */,
				1A8AC8282C53C4A30019E026 /* practice1_appUITests */,
			);
		};
/* End PBXProject section */

/* Begin PBXResourcesBuildPhase section */
		1A8AC80C2C53C4A20019E026 /* Resources */ = {
			isa = PBXResourcesBuildPhase;
			buildActionMask = 2147483647;
			files = (
				1A8AC8192C53C4A30019E026 /* Preview Assets.xcassets in Resources */,
				1A8AC8162C53C4A30019E026 /* Assets.xcassets in Resources */,
			);
			runOnlyForDeploymentPostprocessing = 0;
		};
		1A8AC81D2C53C4A30019E026 /* Resources */ = {
			isa = PBXResourcesBuildPhase;
			buildActionMask = 2147483647;
			files = (
			);
			runOnlyForDeploymentPostprocessing = 0;
		};
		1A8AC8272C53C4A30019E026 /* Resources */ = {
			isa = PBXResourcesBuildPhase;
			buildActionMask = 2147483647;
			files = (
			);
			runOnlyForDeploymentPostprocessing = 0;
		};
/* End PBXResourcesBuildPhase section */

/* Begin PBXSourcesBuildPhase section */
		1A8AC80A2C53C4A20019E026 /* Sources */ = {
			isa = PBXSourcesBuildPhase;
			buildActionMask = 2147483647;
			files = (
				1A8AC8142C53C4A20019E026 /* ContentView.swift in Sources */,
				1A8AC8122C53C4A20019E026 /* practice1_appApp.swift in Sources */,
			);
			runOnlyForDeploymentPostprocessing = 0;
		};
		1A8AC81B2C53C4A30019E026 /* Sources */ = {
			isa = PBXSourcesBuildPhase;
			buildActionMask = 2147483647;
			files = (
				1A8AC8242C53C4A30019E026 /* practice1_appTests.swift in Sources */,
			);
			runOnlyForDeploymentPostprocessing = 0;
		};
		1A8AC8252C53C4A30019E026 /* Sources */ = {
			isa = PBXSourcesBuildPhase;
			buildActionMask = 2147483647;
			files = (
				1A8AC82E2C53C4A30019E026 /* practice1_appUITests.swift in Sources */,
				1A8AC8302C53C4A30019E026 /* practice1_appUITestsLaunchTests.swift in Sources */,
			);
			runOnlyForDeploymentPostprocessing = 0;
		};
/* End PBXSourcesBuildPhase section */

/* Begin PBXTargetDependency section */
		1A8AC8212C53C4A30019E026 /* PBXTargetDependency */ = {
			isa = PBXTargetDependency;
			target = 1A8AC80D2C53C4A20019E026 /* practice1_app */;
			targetProxy = 1A8AC8202C53C4A30019E026 /* PBXContainerItemProxy */;
		};
		1A8AC82B2C53C4A30019E026 /* PBXTargetDependency */ = {
			isa = PBXTargetDependency;
			target = 1A8AC80D2C53C4A20019E026 /* practice1_app */;
			targetProxy = 1A8AC82A2C53C4A30019E026 /* PBXContainerItemProxy */;
		};
/* End PBXTargetDependency section */

/* Begin XCBuildConfiguration section */
		1A8AC8312C53C4A30019E026 /* Debug */ = {
			isa = XCBuildConfiguration;
			buildSettings = {
				ALWAYS_SEARCH_USER_PATHS = NO;
				ASSETCATALOG_COMPILER_GENERATE_SWIFT_ASSET_SYMBOL_EXTENSIONS = YES;
				CLANG_ANALYZER_NONNULL = YES;
				CLANG_ANALYZER_NUMBER_OBJECT_CONVERSION = YES_AGGRESSIVE;
				CLANG_CXX_LANGUAGE_STANDARD = "gnu++20";
				CLANG_ENABLE_MODULES = YES;
				CLANG_ENABLE_OBJC_ARC = YES;
				CLANG_ENABLE_OBJC_WEAK = YES;
				CLANG_WARN_BLOCK_CAPTURE_AUTORELEASING = YES;
				CLANG_WARN_BOOL_CONVERSION = YES;
				CLANG_WARN_COMMA = YES;
				CLANG_WARN_CONSTANT_CONVERSION = YES;
				CLANG_WARN_DEPRECATED_OBJC_IMPLEMENTATIONS = YES;
				CLANG_WARN_DIRECT_OBJC_ISA_USAGE = YES_ERROR;
				CLANG_WARN_DOCUMENTATION_COMMENTS = YES;
				CLANG_WARN_EMPTY_BODY = YES;
				CLANG_WARN_ENUM_CONVERSION = YES;
				CLANG_WARN_INFINITE_RECURSION = YES;
				CLANG_WARN_INT_CONVERSION = YES;
				CLANG_WARN_NON_LITERAL_NULL_CONVERSION = YES;
				CLANG_WARN_OBJC_IMPLICIT_RETAIN_SELF = YES;
				CLANG_WARN_OBJC_LITERAL_CONVERSION = YES;
				CLANG_WARN_OBJC_ROOT_CLASS = YES_ERROR;
				CLANG_WARN_QUOTED_INCLUDE_IN_FRAMEWORK_HEADER = YES;
				CLANG_WARN_RANGE_LOOP_ANALYSIS = YES;
				CLANG_WARN_STRICT_PROTOTYPES = YES;
				CLANG_WARN_SUSPICIOUS_MOVE = YES;
				CLANG_WARN_UNGUARDED_AVAILABILITY = YES_AGGRESSIVE;
				CLANG_WARN_UNREACHABLE_CODE = YES;
				CLANG_WARN__DUPLICATE_METHOD_MATCH = YES;
				COPY_PHASE_STRIP = NO;
				DEBUG_INFORMATION_FORMAT = dwarf;
				ENABLE_STRICT_OBJC_MSGSEND = YES;
				ENABLE_TESTABILITY = YES;
				ENABLE_USER_SCRIPT_SANDBOXING = YES;
				GCC_C_LANGUAGE_STANDARD = gnu17;
				GCC_DYNAMIC_NO_PIC = NO;
				GCC_NO_COMMON_BLOCKS = YES;
				GCC_OPTIMIZATION_LEVEL = 0;
				GCC_PREPROCESSOR_DEFINITIONS = (
					"DEBUG=1",
					"$(inherited)",
				);
				GCC_WARN_64_TO_32_BIT_CONVERSION = YES;
				GCC_WARN_ABOUT_RETURN_TYPE = YES_ERROR;
				GCC_WARN_UNDECLARED_SELECTOR = YES;
				GCC_WARN_UNINITIALIZED_AUTOS = YES_AGGRESSIVE;
				GCC_WARN_UNUSED_FUNCTION = YES;
				GCC_WARN_UNUSED_VARIABLE = YES;
				LOCALIZATION_PREFERS_STRING_CATALOGS = YES;
				MACOSX_DEPLOYMENT_TARGET = 14.3;
				MTL_ENABLE_DEBUG_INFO = INCLUDE_SOURCE;
				MTL_FAST_MATH = YES;
				ONLY_ACTIVE_ARCH = YES;
				SDKROOT = macosx;
				SWIFT_ACTIVE_COMPILATION_CONDITIONS = "DEBUG $(inherited)";
				SWIFT_OPTIMIZATION_LEVEL = "-Onone";
			};
			name = Debug;
		};
		1A8AC8322C53C4A30019E026 /* Release */ = {
			isa = XCBuildConfiguration;
			buildSettings = {
				ALWAYS_SEARCH_USER_PATHS = NO;
				ASSETCATALOG_COMPILER_GENERATE_SWIFT_ASSET_SYMBOL_EXTENSIONS = YES;
				CLANG_ANALYZER_NONNULL = YES;
				CLANG_ANALYZER_NUMBER_OBJECT_CONVERSION = YES_AGGRESSIVE;
				CLANG_CXX_LANGUAGE_STANDARD = "gnu++20";
				CLANG_ENABLE_MODULES = YES;
				CLANG_ENABLE_OBJC_ARC = YES;
				CLANG_ENABLE_OBJC_WEAK = YES;
				CLANG_WARN_BLOCK_CAPTURE_AUTORELEASING = YES;
				CLANG_WARN_BOOL_CONVERSION = YES;
				CLANG_WARN_COMMA = YES;
				CLANG_WARN_CONSTANT_CONVERSION = YES;
				CLANG_WARN_DEPRECATED_OBJC_IMPLEMENTATIONS = YES;
				CLANG_WARN_DIRECT_OBJC_ISA_USAGE = YES_ERROR;
				CLANG_WARN_DOCUMENTATION_COMMENTS = YES;
				CLANG_WARN_EMPTY_BODY = YES;
				CLANG_WARN_ENUM_CONVERSION = YES;
				CLANG_WARN_INFINITE_RECURSION = YES;
				CLANG_WARN_INT_CONVERSION = YES;
				CLANG_WARN_NON_LITERAL_NULL_CONVERSION = YES;
				CLANG_WARN_OBJC_IMPLICIT_RETAIN_SELF = YES;
				CLANG_WARN_OBJC_LITERAL_CONVERSION = YES;
				CLANG_WARN_OBJC_ROOT_CLASS = YES_ERROR;
				CLANG_WARN_QUOTED_INCLUDE_IN_FRAMEWORK_HEADER = YES;
				CLANG_WARN_RANGE_LOOP_ANALYSIS = YES;
				CLANG_WARN_STRICT_PROTOTYPES = YES;
				CLANG_WARN_SUSPICIOUS_MOVE = YES;
				CLANG_WARN_UNGUARDED_AVAILABILITY = YES_AGGRESSIVE;
				CLANG_WARN_UNREACHABLE_CODE = YES;
				CLANG_WARN__DUPLICATE_METHOD_MATCH = YES;
				COPY_PHASE_STRIP = NO;
				DEBUG_INFORMATION_FORMAT = "dwarf-with-dsym";
				ENABLE_NS_ASSERTIONS = NO;
				ENABLE_STRICT_OBJC_MSGSEND = YES;
				ENABLE_USER_SCRIPT_SANDBOXING = YES;
				GCC_C_LANGUAGE_STANDARD = gnu17;
				GCC_NO_COMMON_BLOCKS = YES;
				GCC_WARN_64_TO_32_BIT_CONVERSION = YES;
				GCC_WARN_ABOUT_RETURN_TYPE = YES_ERROR;
				GCC_WARN_UNDECLARED_SELECTOR = YES;
				GCC_WARN_UNINITIALIZED_AUTOS = YES_AGGRESSIVE;
				GCC_WARN_UNUSED_FUNCTION = YES;
				GCC_WARN_UNUSED_VARIABLE = YES;
				LOCALIZATION_PREFERS_STRING_CATALOGS = YES;
				MACOSX_DEPLOYMENT_TARGET = 14.3;
				MTL_ENABLE_DEBUG_INFO = NO;
				MTL_FAST_MATH = YES;
				SDKROOT = macosx;
				SWIFT_COMPILATION_MODE = wholemodule;
			};
			name = Release;
		};
		1A8AC8342C53C4A30019E026 /* Debug */ = {
			isa = XCBuildConfiguration;
			buildSettings = {
				ASSETCATALOG_COMPILER_APPICON_NAME = AppIcon;
				ASSETCATALOG_COMPILER_GLOBAL_ACCENT_COLOR_NAME = AccentColor;
				CODE_SIGN_ENTITLEMENTS = practice1_app/practice1_app.entitlements;
				CODE_SIGN_STYLE = Automatic;
				COMBINE_HIDPI_IMAGES = YES;
				CURRENT_PROJECT_VERSION = 1;
				DEVELOPMENT_ASSET_PATHS = "\"practice1_app/Preview Content\"";
				DEVELOPMENT_TEAM = WJX3DY3VK2;
				ENABLE_HARDENED_RUNTIME = YES;
				ENABLE_PREVIEWS = YES;
				GENERATE_INFOPLIST_FILE = YES;
				INFOPLIST_KEY_NSHumanReadableCopyright = "";
				LD_RUNPATH_SEARCH_PATHS = (
					"$(inherited)",
					"@executable_path/../Frameworks",
				);
				MARKETING_VERSION = 1.0;
				PRODUCT_BUNDLE_IDENTIFIER = "com.hydroxidemedia.practice1-app";
				PRODUCT_NAME = "$(TARGET_NAME)";
				SWIFT_EMIT_LOC_STRINGS = YES;
				SWIFT_VERSION = 5.0;
			};
			name = Debug;
		};
		1A8AC8352C53C4A30019E026 /* Release */ = {
			isa = XCBuildConfiguration;
			buildSettings = {
				ASSETCATALOG_COMPILER_APPICON_NAME = AppIcon;
				ASSETCATALOG_COMPILER_GLOBAL_ACCENT_COLOR_NAME = AccentColor;
				CODE_SIGN_ENTITLEMENTS = practice1_app/practice1_app.entitlements;
				CODE_SIGN_STYLE = Automatic;
				COMBINE_HIDPI_IMAGES = YES;
				CURRENT_PROJECT_VERSION = 1;
				DEVELOPMENT_ASSET_PATHS = "\"practice1_app/Preview Content\"";
				DEVELOPMENT_TEAM = WJX3DY3VK2;
				ENABLE_HARDENED_RUNTIME = YES;
				ENABLE_PREVIEWS = YES;
				GENERATE_INFOPLIST_FILE = YES;
				INFOPLIST_KEY_NSHumanReadableCopyright = "";
				LD_RUNPATH_SEARCH_PATHS = (
					"$(inherited)",
					"@executable_path/../Frameworks",
				);
				MARKETING_VERSION = 1.0;
				PRODUCT_BUNDLE_IDENTIFIER = "com.hydroxidemedia.practice1-app";
				PRODUCT_NAME = "$(TARGET_NAME)";
				SWIFT_EMIT_LOC_STRINGS = YES;
				SWIFT_VERSION = 5.0;
			};
			name = Release;
		};
		1A8AC8372C53C4A30019E026 /* Debug */ = {
			isa = XCBuildConfiguration;
			buildSettings = {
				ALWAYS_EMBED_SWIFT_STANDARD_LIBRARIES = YES;
				BUNDLE_LOADER = "$(TEST_HOST)";
				CODE_SIGN_STYLE = Automatic;
				CURRENT_PROJECT_VERSION = 1;
				DEVELOPMENT_TEAM = WJX3DY3VK2;
				GENERATE_INFOPLIST_FILE = YES;
				MACOSX_DEPLOYMENT_TARGET = 14.3;
				MARKETING_VERSION = 1.0;
				PRODUCT_BUNDLE_IDENTIFIER = "com.hydroxidemedia.practice1-appTests";
				PRODUCT_NAME = "$(TARGET_NAME)";
				SWIFT_EMIT_LOC_STRINGS = NO;
				SWIFT_VERSION = 5.0;
				TEST_HOST = "$(BUILT_PRODUCTS_DIR)/practice1_app.app/$(BUNDLE_EXECUTABLE_FOLDER_PATH)/practice1_app";
			};
			name = Debug;
		};
		1A8AC8382C53C4A30019E026 /* Release */ = {
			isa = XCBuildConfiguration;
			buildSettings = {
				ALWAYS_EMBED_SWIFT_STANDARD_LIBRARIES = YES;
				BUNDLE_LOADER = "$(TEST_HOST)";
				CODE_SIGN_STYLE = Automatic;
				CURRENT_PROJECT_VERSION = 1;
				DEVELOPMENT_TEAM = WJX3DY3VK2;
				GENERATE_INFOPLIST_FILE = YES;
				MACOSX_DEPLOYMENT_TARGET = 14.3;
				MARKETING_VERSION = 1.0;
				PRODUCT_BUNDLE_IDENTIFIER = "com.hydroxidemedia.practice1-appTests";
				PRODUCT_NAME = "$(TARGET_NAME)";
				SWIFT_EMIT_LOC_STRINGS = NO;
				SWIFT_VERSION = 5.0;
				TEST_HOST = "$(BUILT_PRODUCTS_DIR)/practice1_app.app/$(BUNDLE_EXECUTABLE_FOLDER_PATH)/practice1_app";
			};
			name = Release;
		};
		1A8AC83A2C53C4A30019E026 /* Debug */ = {
			isa = XCBuildConfiguration;
			buildSettings = {
				ALWAYS_EMBED_SWIFT_STANDARD_LIBRARIES = YES;
				CODE_SIGN_STYLE = Automatic;
				CURRENT_PROJECT_VERSION = 1;
				DEVELOPMENT_TEAM = WJX3DY3VK2;
				GENERATE_INFOPLIST_FILE = YES;
				MARKETING_VERSION = 1.0;
				PRODUCT_BUNDLE_IDENTIFIER = "com.hydroxidemedia.practice1-appUITests";
				PRODUCT_NAME = "$(TARGET_NAME)";
				SWIFT_EMIT_LOC_STRINGS = NO;
				SWIFT_VERSION = 5.0;
				TEST_TARGET_NAME = practice1_app;
			};
			name = Debug;
		};
		1A8AC83B2C53C4A30019E026 /* Release */ = {
			isa = XCBuildConfiguration;
			buildSettings = {
				ALWAYS_EMBED_SWIFT_STANDARD_LIBRARIES = YES;
				CODE_SIGN_STYLE = Automatic;
				CURRENT_PROJECT_VERSION = 1;
				DEVELOPMENT_TEAM = WJX3DY3VK2;
				GENERATE_INFOPLIST_FILE = YES;
				MARKETING_VERSION = 1.0;
				PRODUCT_BUNDLE_IDENTIFIER = "com.hydroxidemedia.practice1-appUITests";
				PRODUCT_NAME = "$(TARGET_NAME)";
				SWIFT_EMIT_LOC_STRINGS = NO;
				SWIFT_VERSION = 5.0;
				TEST_TARGET_NAME = practice1_app;
			};
			name = Release;
		};
/* End XCBuildConfiguration section */

/* Begin XCConfigurationList section */
		1A8AC8092C53C4A20019E026 /* Build configuration list for PBXProject "practice1_app" */ = {
			isa = XCConfigurationList;
			buildConfigurations = (
				1A8AC8312C53C4A30019E026 /* Debug */,
				1A8AC8322C53C4A30019E026 /* Release */,
			);
			defaultConfigurationIsVisible = 0;
			defaultConfigurationName = Release;
		};
		1A8AC8332C53C4A30019E026 /* Build configuration list for PBXNativeTarget "practice1_app" */ = {
			isa = XCConfigurationList;
			buildConfigurations = (
				1A8AC8342C53C4A30019E026 /* Debug */,
				1A8AC8352C53C4A30019E026 /* Release */,
			);
			defaultConfigurationIsVisible = 0;
			defaultConfigurationName = Release;
		};
		1A8AC8362C53C4A30019E026 /* Build configuration list for PBXNativeTarget "practice1_appTests" */ = {
			isa = XCConfigurationList;
			buildConfigurations = (
				1A8AC8372C53C4A30019E026 /* Debug */,
				1A8AC8382C53C4A30019E026 /* Release */,
			);
			defaultConfigurationIsVisible = 0;
			defaultConfigurationName = Release;
		};
		1A8AC8392C53C4A30019E026 /* Build configuration list for PBXNativeTarget "practice1_appUITests" */ = {
			isa = XCConfigurationList;
			buildConfigurations = (
				1A8AC83A2C53C4A30019E026 /* Debug */,
				1A8AC83B2C53C4A30019E026 /* Release */,
			);
			defaultConfigurationIsVisible = 0;
			defaultConfigurationName = Release;
		};
/* End XCConfigurationList section */
	};
	rootObject = 1A8AC8062C53C4A20019E026 /* Project object */;
}
